
Microsoft Visual Studio Solution File, Format Version 12.00
# Visual Studio Version 17
VisualStudioVersion = 17.0.31903.59
MinimumVisualStudioVersion = 10.0.40219.1
Project("{2150E333-8FDC-42A3-9474-1A3956D46DE8}") = "src", "src", "{227B65B9-02A9-4D19-8101-A443E02E7EC3}"
EndProject
Project("{FAE04EC0-301F-11D3-BF4B-00C04F79EFBC}") = "TransmissionHub.TelegramBot", "src\TransmissionHub.TelegramBot\TransmissionHub.TelegramBot.csproj", "{0AEAE70C-7BB4-4BD3-B95A-68842CB7D2D6}"
EndProject
Global
	GlobalSection(SolutionConfigurationPlatforms) = preSolution
		Debug|Any CPU = Debug|Any CPU
		Release|Any CPU = Release|Any CPU
	EndGlobalSection
	GlobalSection(SolutionProperties) = preSolution
		HideSolutionNode = FALSE
	EndGlobalSection
	GlobalSection(ProjectConfigurationPlatforms) = postSolution
		{0AEAE70C-7BB4-4BD3-B95A-68842CB7D2D6}.Debug|Any CPU.ActiveCfg = Debug|Any CPU
		{0AEAE70C-7BB4-4BD3-B95A-68842CB7D2D6}.Debug|Any CPU.Build.0 = Debug|Any CPU
		{0AEAE70C-7BB4-4BD3-B95A-68842CB7D2D6}.Release|Any CPU.ActiveCfg = Release|Any CPU
		{0AEAE70C-7BB4-4BD3-B95A-68842CB7D2D6}.Release|Any CPU.Build.0 = Release|Any CPU
	EndGlobalSection
	GlobalSection(NestedProjects) = preSolution
		{0AEAE70C-7BB4-4BD3-B95A-68842CB7D2D6} = {227B65B9-02A9-4D19-8101-A443E02E7EC3}
	EndGlobalSection
EndGlobal
